// !$*UTF8*$!
{
	archiveVersion = 1;
	classes = {
	};
	objectVersion = 46;
	objects = {

/* Begin PBXBuildFile section */
		9F08CDEC1CBD0A7A002CA873 /* AppDelegate.swift in Sources */ = {isa = PBXBuildFile; fileRef = 9F08CDEB1CBD0A7A002CA873 /* AppDelegate.swift */; };
		9F08CDEE1CBD0A7A002CA873 /* ViewController.swift in Sources */ = {isa = PBXBuildFile; fileRef = 9F08CDED1CBD0A7A002CA873 /* ViewController.swift */; };
		9F08CDF11CBD0A7A002CA873 /* Main.storyboard in Resources */ = {isa = PBXBuildFile; fileRef = 9F08CDEF1CBD0A7A002CA873 /* Main.storyboard */; };
		9F08CDF41CBD0A7A002CA873 /* Pokemon.xcdatamodeld in Sources */ = {isa = PBXBuildFile; fileRef = 9F08CDF21CBD0A7A002CA873 /* Pokemon.xcdatamodeld */; };
		9F08CDF61CBD0A7A002CA873 /* Assets.xcassets in Resources */ = {isa = PBXBuildFile; fileRef = 9F08CDF51CBD0A7A002CA873 /* Assets.xcassets */; };
		9F08CDF91CBD0A7A002CA873 /* LaunchScreen.storyboard in Resources */ = {isa = PBXBuildFile; fileRef = 9F08CDF71CBD0A7A002CA873 /* LaunchScreen.storyboard */; };
/* End PBXBuildFile section */

/* Begin PBXFileReference section */
		9F08CDE81CBD0A7A002CA873 /* Pokemon.app */ = {isa = PBXFileReference; explicitFileType = wrapper.application; includeInIndex = 0; path = Pokemon.app; sourceTree = BUILT_PRODUCTS_DIR; };
		9F08CDEB1CBD0A7A002CA873 /* AppDelegate.swift */ = {isa = PBXFileReference; lastKnownFileType = sourcecode.swift; path = AppDelegate.swift; sourceTree = "<group>"; };
		9F08CDED1CBD0A7A002CA873 /* ViewController.swift */ = {isa = PBXFileReference; lastKnownFileType = sourcecode.swift; path = ViewController.swift; sourceTree = "<group>"; };
		9F08CDF01CBD0A7A002CA873 /* Base */ = {isa = PBXFileReference; lastKnownFileType = file.storyboard; name = Base; path = Base.lproj/Main.storyboard; sourceTree = "<group>"; };
		9F08CDF31CBD0A7A002CA873 /* Pokemon.xcdatamodel */ = {isa = PBXFileReference; lastKnownFileType = wrapper.xcdatamodel; path = Pokemon.xcdatamodel; sourceTree = "<group>"; };
		9F08CDF51CBD0A7A002CA873 /* Assets.xcassets */ = {isa = PBXFileReference; lastKnownFileType = folder.assetcatalog; path = Assets.xcassets; sourceTree = "<group>"; };
		9F08CDF81CBD0A7A002CA873 /* Base */ = {isa = PBXFileReference; lastKnownFileType = file.storyboard; name = Base; path = Base.lproj/LaunchScreen.storyboard; sourceTree = "<group>"; };
		9F08CDFA1CBD0A7A002CA873 /* Info.plist */ = {isa = PBXFileReference; lastKnownFileType = text.plist.xml; path = Info.plist; sourceTree = "<group>"; };
/* End PBXFileReference section */

/* Begin PBXFrameworksBuildPhase section */
		9F08CDE51CBD0A7A002CA873 /* Frameworks */ = {
			isa = PBXFrameworksBuildPhase;
			buildActionMask = 2147483647;
			files = (
			);
			runOnlyForDeploymentPostprocessing = 0;
		};
/* End PBXFrameworksBuildPhase section */

/* Begin PBXGroup section */
		9F08CDDF1CBD0A7A002CA873 = {
			isa = PBXGroup;
			children = (
				9F08CDEA1CBD0A7A002CA873 /* Pokemon */,
				9F08CDE91CBD0A7A002CA873 /* Products */,
			);
			sourceTree = "<group>";
		};
		9F08CDE91CBD0A7A002CA873 /* Products */ = {
			isa = PBXGroup;
			children = (
				9F08CDE81CBD0A7A002CA873 /* Pokemon.app */,
			);
			name = Products;
			sourceTree = "<group>";
		};
		9F08CDEA1CBD0A7A002CA873 /* Pokemon */ = {
			isa = PBXGroup;
			children = (
				9F08CDEB1CBD0A7A002CA873 /* AppDelegate.swift */,
				9F08CDED1CBD0A7A002CA873 /* ViewController.swift */,
				9F08CDEF1CBD0A7A002CA873 /* Main.storyboard */,
				9F08CDF51CBD0A7A002CA873 /* Assets.xcassets */,
				9F08CDF71CBD0A7A002CA873 /* LaunchScreen.storyboard */,
				9F08CDFA1CBD0A7A002CA873 /* Info.plist */,
				9F08CDF21CBD0A7A002CA873 /* Pokemon.xcdatamodeld */,
			);
			path = Pokemon;
			sourceTree = "<group>";
		};
/* End PBXGroup section */

/* Begin PBXNativeTarget section */
		9F08CDE71CBD0A7A002CA873 /* Pokemon */ = {
			isa = PBXNativeTarget;
			buildConfigurationList = 9F08CDFD1CBD0A7A002CA873 /* Build configuration list for PBXNativeTarget "Pokemon" */;
			buildPhases = (
				9F08CDE41CBD0A7A002CA873 /* Sources */,
				9F08CDE51CBD0A7A002CA873 /* Frameworks */,
				9F08CDE61CBD0A7A002CA873 /* Resources */,
			);
			buildRules = (
			);
			dependencies = (
			);
			name = Pokemon;
			productName = Pokemon;
			productReference = 9F08CDE81CBD0A7A002CA873 /* Pokemon.app */;
			productType = "com.apple.product-type.application";
		};
/* End PBXNativeTarget section */

/* Begin PBXProject section */
		9F08CDE01CBD0A7A002CA873 /* Project object */ = {
			isa = PBXProject;
			attributes = {
				LastSwiftUpdateCheck = 0730;
				LastUpgradeCheck = 0730;
				ORGANIZATIONNAME = "sagaya Abdulhafeez";
				TargetAttributes = {
					9F08CDE71CBD0A7A002CA873 = {
						CreatedOnToolsVersion = 7.3;
						DevelopmentTeam = PBZ9S8GP84;
					};
				};
			};
			buildConfigurationList = 9F08CDE31CBD0A7A002CA873 /* Build configuration list for PBXProject "Pokemon" */;
			compatibilityVersion = "Xcode 3.2";
			developmentRegion = English;
			hasScannedForEncodings = 0;
			knownRegions = (
				en,
				Base,
			);
			mainGroup = 9F08CDDF1CBD0A7A002CA873;
			productRefGroup = 9F08CDE91CBD0A7A002CA873 /* Products */;
			projectDirPath = "";
			projectRoot = "";
			targets = (
				9F08CDE71CBD0A7A002CA873 /* Pokemon */,
			);
		};
/* End PBXProject section */

/* Begin PBXResourcesBuildPhase section */
		9F08CDE61CBD0A7A002CA873 /* Resources */ = {
			isa = PBXResourcesBuildPhase;
			buildActionMask = 2147483647;
			files = (
				9F08CDF91CBD0A7A002CA873 /* LaunchScreen.storyboard in Resources */,
				9F08CDF61CBD0A7A002CA873 /* Assets.xcassets in Resources */,
				9F08CDF11CBD0A7A002CA873 /* Main.storyboard in Resources */,
			);
			runOnlyForDeploymentPostprocessing = 0;
		};
/* End PBXResourcesBuildPhase section */

/* Begin PBXSourcesBuildPhase section */
		9F08CDE41CBD0A7A002CA873 /* Sources */ = {
			isa = PBXSourcesBuildPhase;
			buildActionMask = 2147483647;
			files = (
				9F08CDEE1CBD0A7A002CA873 /* ViewController.swift in Sources */,
				9F08CDEC1CBD0A7A002CA873 /* AppDelegate.swift in Sources */,
				9F08CDF41CBD0A7A002CA873 /* Pokemon.xcdatamodeld in Sources */,
			);
			runOnlyForDeploymentPostprocessing = 0;
		};
/* End PBXSourcesBuildPhase section */

/* Begin PBXVariantGroup section */
		9F08CDEF1CBD0A7A002CA873 /* Main.storyboard */ = {
			isa = PBXVariantGroup;
			children = (
				9F08CDF01CBD0A7A002CA873 /* Base */,
			);
			name = Main.storyboard;
			sourceTree = "<group>";
		};
		9F08CDF71CBD0A7A002CA873 /* LaunchScreen.storyboard */ = {
			isa = PBXVariantGroup;
			children = (
				9F08CDF81CBD0A7A002CA873 /* Base */,
			);
			name = LaunchScreen.storyboard;
			sourceTree = "<group>";
		};
/* End PBXVariantGroup section */

/* Begin XCBuildConfiguration section */
		9F08CDFB1CBD0A7A002CA873 /* Debug */ = {
			isa = XCBuildConfiguration;
			buildSettings = {
				ALWAYS_SEARCH_USER_PATHS = NO;
				CLANG_ANALYZER_NONNULL = YES;
				CLANG_CXX_LANGUAGE_STANDARD = "gnu++0x";
				CLANG_CXX_LIBRARY = "libc++";
				CLANG_ENABLE_MODULES = YES;
				CLANG_ENABLE_OBJC_ARC = YES;
				CLANG_WARN_BOOL_CONVERSION = YES;
				CLANG_WARN_CONSTANT_CONVERSION = YES;
				CLANG_WARN_DIRECT_OBJC_ISA_USAGE = YES_ERROR;
				CLANG_WARN_EMPTY_BODY = YES;
				CLANG_WARN_ENUM_CONVERSION = YES;
				CLANG_WARN_INT_CONVERSION = YES;
				CLANG_WARN_OBJC_ROOT_CLASS = YES_ERROR;
				CLANG_WARN_UNREACHABLE_CODE = YES;
				CLANG_WARN__DUPLICATE_METHOD_MATCH = YES;
				"CODE_SIGN_IDENTITY[sdk=iphoneos*]" = "iPhone Developer";
				COPY_PHASE_STRIP = NO;
				DEBUG_INFORMATION_FORMAT = dwarf;
				ENABLE_STRICT_OBJC_MSGSEND = YES;
				ENABLE_TESTABILITY = YES;
				GCC_C_LANGUAGE_STANDARD = gnu99;
				GCC_DYNAMIC_NO_PIC = NO;
				GCC_NO_COMMON_BLOCKS = YES;
				GCC_OPTIMIZATION_LEVEL = 0;
				GCC_PREPROCESSOR_DEFINITIONS = (
					"DEBUG=1",
					"$(inherited)",
				);
				GCC_WARN_64_TO_32_BIT_CONVERSION = YES;
				GCC_WARN_ABOUT_RETURN_TYPE = YES_ERROR;
				GCC_WARN_UNDECLARED_SELECTOR = YES;
				GCC_WARN_UNINITIALIZED_AUTOS = YES_AGGRESSIVE;
				GCC_WARN_UNUSED_FUNCTION = YES;
				GCC_WARN_UNUSED_VARIABLE = YES;
				IPHONEOS_DEPLOYMENT_TARGET = 9.3;
				MTL_ENABLE_DEBUG_INFO = YES;
				ONLY_ACTIVE_ARCH = YES;
				SDKROOT = iphoneos;
				SWIFT_OPTIMIZATION_LEVEL = "-Onone";
				TARGETED_DEVICE_FAMILY = "1,2";
			};
			name = Debug;
		};
		9F08CDFC1CBD0A7A002CA873 /* Release */ = {
			isa = XCBuildConfiguration;
			buildSettings = {
				ALWAYS_SEARCH_USER_PATHS = NO;
				CLANG_ANALYZER_NONNULL = YES;
				CLANG_CXX_LANGUAGE_STANDARD = "gnu++0x";
				CLANG_CXX_LIBRARY = "libc++";
				CLANG_ENABLE_MODULES = YES;
				CLANG_ENABLE_OBJC_ARC = YES;
				CLANG_WARN_BOOL_CONVERSION = YES;
				CLANG_WARN_CONSTANT_CONVERSION = YES;
				CLANG_WARN_DIRECT_OBJC_ISA_USAGE = YES_ERROR;
				CLANG_WARN_EMPTY_BODY = YES;
				CLANG_WARN_ENUM_CONVERSION = YES;
				CLANG_WARN_INT_CONVERSION = YES;
				CLANG_WARN_OBJC_ROOT_CLASS = YES_ERROR;
				CLANG_WARN_UNREACHABLE_CODE = YES;
				CLANG_WARN__DUPLICATE_METHOD_MATCH = YES;
				"CODE_SIGN_IDENTITY[sdk=iphoneos*]" = "iPhone Developer";
				COPY_PHASE_STRIP = NO;
				DEBUG_INFORMATION_FORMAT = "dwarf-with-dsym";
				ENABLE_NS_ASSERTIONS = NO;
				ENABLE_STRICT_OBJC_MSGSEND = YES;
				GCC_C_LANGUAGE_STANDARD = gnu99;
				GCC_NO_COMMON_BLOCKS = YES;
				GCC_WARN_64_TO_32_BIT_CONVERSION = YES;
				GCC_WARN_ABOUT_RETURN_TYPE = YES_ERROR;
				GCC_WARN_UNDECLARED_SELECTOR = YES;
				GCC_WARN_UNINITIALIZED_AUTOS = YES_AGGRESSIVE;
				GCC_WARN_UNUSED_FUNCTION = YES;
				GCC_WARN_UNUSED_VARIABLE = YES;
				IPHONEOS_DEPLOYMENT_TARGET = 9.3;
				MTL_ENABLE_DEBUG_INFO = NO;
				SDKROOT = iphoneos;
				TARGETED_DEVICE_FAMILY = "1,2";
				VALIDATE_PRODUCT = YES;
			};
			name = Release;
		};
		9F08CDFE1CBD0A7A002CA873 /* Debug */ = {
			isa = XCBuildConfiguration;
			buildSettings = {
				ASSETCATALOG_COMPILER_APPICON_NAME = AppIcon;
				INFOPLIST_FILE = Pokemon/Info.plist;
				LD_RUNPATH_SEARCH_PATHS = "$(inherited) @executable_path/Frameworks";
				PRODUCT_BUNDLE_IDENTIFIER = cpm.loxp.Pokemon;
				PRODUCT_NAME = "$(TARGET_NAME)";
			};
			name = Debug;
		};
		9F08CDFF1CBD0A7A002CA873 /* Release */ = {
			isa = XCBuildConfiguration;
			buildSettings = {
				ASSETCATALOG_COMPILER_APPICON_NAME = AppIcon;
				INFOPLIST_FILE = Pokemon/Info.plist;
				LD_RUNPATH_SEARCH_PATHS = "$(inherited) @executable_path/Frameworks";
				PRODUCT_BUNDLE_IDENTIFIER = cpm.loxp.Pokemon;
				PRODUCT_NAME = "$(TARGET_NAME)";
			};
			name = Release;
		};
/* End XCBuildConfiguration section */

/* Begin XCConfigurationList section */
		9F08CDE31CBD0A7A002CA873 /* Build configuration list for PBXProject "Pokemon" */ = {
			isa = XCConfigurationList;
			buildConfigurations = (
				9F08CDFB1CBD0A7A002CA873 /* Debug */,
				9F08CDFC1CBD0A7A002CA873 /* Release */,
			);
			defaultConfigurationIsVisible = 0;
			defaultConfigurationName = Release;
		};
		9F08CDFD1CBD0A7A002CA873 /* Build configuration list for PBXNativeTarget "Pokemon" */ = {
			isa = XCConfigurationList;
			buildConfigurations = (
				9F08CDFE1CBD0A7A002CA873 /* Debug */,
				9F08CDFF1CBD0A7A002CA873 /* Release */,
			);
			defaultConfigurationIsVisible = 0;
		};
/* End XCConfigurationList section */

/* Begin XCVersionGroup section */
		9F08CDF21CBD0A7A002CA873 /* Pokemon.xcdatamodeld */ = {
			isa = XCVersionGroup;
			children = (
				9F08CDF31CBD0A7A002CA873 /* Pokemon.xcdatamodel */,
			);
			currentVersion = 9F08CDF31CBD0A7A002CA873 /* Pokemon.xcdatamodel */;
			path = Pokemon.xcdatamodeld;
			sourceTree = "<group>";
			versionGroupType = wrapper.xcdatamodel;
		};
/* End XCVersionGroup section */
	};
	rootObject = 9F08CDE01CBD0A7A002CA873 /* Project object */;
}
